
Microsoft Visual Studio Solution File, Format Version 12.00
# Visual Studio Version 16
VisualStudioVersion = 16.0.31321.278
MinimumVisualStudioVersion = 10.0.40219.1
Project("{FAE04EC0-301F-11D3-BF4B-00C04F79EFBC}") = "ArduinoAplicacionesFormG3-2021-II", "ArduinoAplicacionesFormG3-2021-II.csproj", "{9AE07E58-631C-402E-8D94-E1FF8234E11F}"
EndProject
Global
	GlobalSection(SolutionConfigurationPlatforms) = preSolution
		Debug|Any CPU = Debug|Any CPU
		Release|Any CPU = Release|Any CPU
	EndGlobalSection
	GlobalSection(ProjectConfigurationPlatforms) = postSolution
		{9AE07E58-631C-402E-8D94-E1FF8234E11F}.Debug|Any CPU.ActiveCfg = Debug|Any CPU
		{9AE07E58-631C-402E-8D94-E1FF8234E11F}.Debug|Any CPU.Build.0 = Debug|Any CPU
		{9AE07E58-631C-402E-8D94-E1FF8234E11F}.Release|Any CPU.ActiveCfg = Release|Any CPU
		{9AE07E58-631C-402E-8D94-E1FF8234E11F}.Release|Any CPU.Build.0 = Release|Any CPU
	EndGlobalSection
	GlobalSection(SolutionProperties) = preSolution
		HideSolutionNode = FALSE
	EndGlobalSection
	GlobalSection(ExtensibilityGlobals) = postSolution
		SolutionGuid = {31C5FA33-E103-48F1-9CE3-D9A4D232F600}
	EndGlobalSection
EndGlobal
